
Microsoft Visual Studio Solution File, Format Version 12.00
# Visual Studio Version 16
VisualStudioVersion = 16.0.31205.134
MinimumVisualStudioVersion = 10.0.40219.1
Project("{8BC9CEB8-8B4A-11D0-8D11-00A0C91BC942}") = "Assignment8", "Assignment8.vcxproj", "{606929BB-1E2F-43F0-9D66-3ACA043FF334}"
EndProject
Global
	GlobalSection(SolutionConfigurationPlatforms) = preSolution
		Debug|x64 = Debug|x64
		Debug|x86 = Debug|x86
		Release|x64 = Release|x64
		Release|x86 = Release|x86
	EndGlobalSection
	GlobalSection(ProjectConfigurationPlatforms) = postSolution
		{606929BB-1E2F-43F0-9D66-3ACA043FF334}.Debug|x64.ActiveCfg = Debug|x64
		{606929BB-1E2F-43F0-9D66-3ACA043FF334}.Debug|x64.Build.0 = Debug|x64
		{606929BB-1E2F-43F0-9D66-3ACA043FF334}.Debug|x86.ActiveCfg = Debug|Win32
		{606929BB-1E2F-43F0-9D66-3ACA043FF334}.Debug|x86.Build.0 = Debug|Win32
		{606929BB-1E2F-43F0-9D66-3ACA043FF334}.Release|x64.ActiveCfg = Release|x64
		{606929BB-1E2F-43F0-9D66-3ACA043FF334}.Release|x64.Build.0 = Release|x64
		{606929BB-1E2F-43F0-9D66-3ACA043FF334}.Release|x86.ActiveCfg = Release|Win32
		{606929BB-1E2F-43F0-9D66-3ACA043FF334}.Release|x86.Build.0 = Release|Win32
	EndGlobalSection
	GlobalSection(SolutionProperties) = preSolution
		HideSolutionNode = FALSE
	EndGlobalSection
	GlobalSection(ExtensibilityGlobals) = postSolution
		SolutionGuid = {DE233535-CC34-49E2-A798-07882869C6EC}
	EndGlobalSection
EndGlobal
